
Microsoft Visual Studio Solution File, Format Version 12.00
# Visual Studio Version 17
VisualStudioVersion = 17.10.34916.146
MinimumVisualStudioVersion = 10.0.40219.1
Project("{9A19103F-16F7-4668-BE54-9A1E7A4F7556}") = "FrontEnd", "FrontEnd.csproj", "{F5F570C2-1A2F-424E-A4A7-027E48F11D2E}"
EndProject
Global
	GlobalSection(SolutionConfigurationPlatforms) = preSolution
		Debug|Any CPU = Debug|Any CPU
		Release|Any CPU = Release|Any CPU
	EndGlobalSection
	GlobalSection(ProjectConfigurationPlatforms) = postSolution
		{F5F570C2-1A2F-424E-A4A7-027E48F11D2E}.Debug|Any CPU.ActiveCfg = Debug|Any CPU
		{F5F570C2-1A2F-424E-A4A7-027E48F11D2E}.Debug|Any CPU.Build.0 = Debug|Any CPU
		{F5F570C2-1A2F-424E-A4A7-027E48F11D2E}.Release|Any CPU.ActiveCfg = Release|Any CPU
		{F5F570C2-1A2F-424E-A4A7-027E48F11D2E}.Release|Any CPU.Build.0 = Release|Any CPU
	EndGlobalSection
	GlobalSection(SolutionProperties) = preSolution
		HideSolutionNode = FALSE
	EndGlobalSection
	GlobalSection(ExtensibilityGlobals) = postSolution
		SolutionGuid = {BC449855-7AC5-4812-893E-835CC0DA5C79}
	EndGlobalSection
EndGlobal
